<?xml version="1.0" encoding="utf-8"?>
<Project ToolsVersion="4.0" xmlns="http://schemas.microsoft.com/developer/msbuild/2003">
  <ItemGroup>
    <Filter Include="Source Files">
      <UniqueIdentifier>{4FC737F1-C7A5-4376-A066-2A32D752A2FF}</UniqueIdentifier>
      <Extensions>cpp;c;cc;cxx;c++;cppm;ixx;def;odl;idl;hpj;bat;asm;asmx</Extensions>
    </Filter>
    <Filter Include="Header Files">
      <UniqueIdentifier>{93995380-89BD-4b04-88EB-625FBE52EBFB}</UniqueIdentifier>
      <Extensions>h;hh;hpp;hxx;h++;hm;inl;inc;ipp;xsd</Extensions>
    </Filter>
    <Filter Include="Resource Files">
      <UniqueIdentifier>{67DA6AB6-F800-4c08-8B7A-83BB121AAD01}</UniqueIdentifier>
      <Extensions>rc;ico;cur;bmp;dlg;rc2;rct;bin;rgs;gif;jpg;jpeg;jpe;resx;tiff;tif;png;wav;mfcribbon-ms</Extensions>
    </Filter>
    <Filter Include="Header Files\Interfaces">
      <UniqueIdentifier>{d273527b-90fb-44e2-b06a-09b5b82281d4}</UniqueIdentifier>
    </Filter>
    <Filter Include="Header Files\OperationSystems">
      <UniqueIdentifier>{7a9cbdc2-2525-4b15-bf51-39cc615b8058}</UniqueIdentifier>
    </Filter>
    <Filter Include="Header Files\Companies">
      <UniqueIdentifier>{9a6e0af1-e0fd-42d8-bebe-7fbdeff165cb}</UniqueIdentifier>
    </Filter>
  </ItemGroup>
  <ItemGroup>
    <ClCompile Include="main.cpp">
      <Filter>Source Files</Filter>
    </ClCompile>
    <ClCompile Include="pch.cpp">
      <Filter>Source Files</Filter>
    </ClCompile>
  </ItemGroup>
  <ItemGroup>
    <ClInclude Include="pch.h">
      <Filter>Header Files</Filter>
    </ClInclude>
    <ClInclude Include="IOperationSystem.h">
      <Filter>Header Files\Interfaces</Filter>
    </ClInclude>
    <ClInclude Include="Windows.h">
      <Filter>Header Files\OperationSystems</Filter>
    </ClInclude>
    <ClInclude Include="IOS.h">
      <Filter>Header Files\OperationSystems</Filter>
    </ClInclude>
    <ClInclude Include="Microsoft.h">
      <Filter>Header Files\Companies</Filter>
    </ClInclude>
    <ClInclude Include="Apple.h">
      <Filter>Header Files\Companies</Filter>
    </ClInclude>
    <ClInclude Include="Company.h">
      <Filter>Header Files</Filter>
    </ClInclude>
  </ItemGroup>
</Project>